{
  "name": "scripts",
  "version": "1.0.0",
  "lockfileVersion": 3,
  "requires": true,
  "packages": {
    "": {
      "name": "scripts",
      "version": "1.0.0",
      "license": "ISC",
      "dependencies": {
        "highlight.js": "^11.8.0",
        "marked": "^5.1.1",
        "marked-base-url": "^1.0.6",
        "marked-highlight": "^2.0.1"
      }
    },
    "node_modules/highlight.js": {
      "version": "11.8.0",
      "resolved": "https://registry.npmjs.org/highlight.js/-/highlight.js-11.8.0.tgz",
      "integrity": "sha512-MedQhoqVdr0U6SSnWPzfiadUcDHfN/Wzq25AkXiQv9oiOO/sG0S7XkvpFIqWBl9Yq1UYyYOOVORs5UW2XlPyzg==",
      "engines": {
        "node": ">=12.0.0"
      }
    },
    "node_modules/marked": {
      "version": "5.1.1",
      "resolved": "https://registry.npmjs.org/marked/-/marked-5.1.1.tgz",
      "integrity": "sha512-bTmmGdEINWmOMDjnPWDxGPQ4qkDLeYorpYbEtFOXzOruTwUE671q4Guiuchn4N8h/v6NGd7916kXsm3Iz4iUSg==",
      "bin": {
        "marked": "bin/marked.js"
      },
      "engines": {
        "node": ">= 18"
      }
    },
    "node_modules/marked-base-url": {
      "version": "1.0.6",
      "resolved": "https://registry.npmjs.org/marked-base-url/-/marked-base-url-1.0.6.tgz",
      "integrity": "sha512-UkY+cqoHcnOL9FkcuVoRZ+uNo86Yy2hIMewWwF6s6Alg1/cgzgVnwAATZQpt+PF2RymL4W75mVIlZaeWtGY27Q==",
      "peerDependencies": {
        "marked": "^4 || ^5 || ^6 || ^7"
      }
    },
    "node_modules/marked-highlight": {
      "version": "2.0.1",
      "resolved": "https://registry.npmjs.org/marked-highlight/-/marked-highlight-2.0.1.tgz",
      "integrity": "sha512-LDUfR/zDvD+dJ+lQOWHkxvBLNxiXcaN8pBtwJ/i4pI0bkDC/Ef6Mz1qUrAuHXfnpdr2rabdMpVFhqFuU+5Mskg==",
      "peerDependencies": {
        "marked": "^4 || ^5"
      }
    }
  }
}
